// !$*UTF8*$!
{
	archiveVersion = 1;
	classes = {
	};
	objectVersion = 46;
	objects = {

/* Begin PBXBuildFile section */
		14935FF01D01C9A4005DEE64 /* AppDelegate.swift in Sources */ = {isa = PBXBuildFile; fileRef = 14935FEF1D01C9A4005DEE64 /* AppDelegate.swift */; };
		14935FF21D01C9A4005DEE64 /* ViewController.swift in Sources */ = {isa = PBXBuildFile; fileRef = 14935FF11D01C9A4005DEE64 /* ViewController.swift */; };
		14935FF51D01C9A4005DEE64 /* Main.storyboard in Resources */ = {isa = PBXBuildFile; fileRef = 14935FF31D01C9A4005DEE64 /* Main.storyboard */; };
		14935FF71D01C9A4005DEE64 /* Assets.xcassets in Resources */ = {isa = PBXBuildFile; fileRef = 14935FF61D01C9A4005DEE64 /* Assets.xcassets */; };
		14935FFA1D01C9A4005DEE64 /* LaunchScreen.storyboard in Resources */ = {isa = PBXBuildFile; fileRef = 14935FF81D01C9A4005DEE64 /* LaunchScreen.storyboard */; };
/* End PBXBuildFile section */

/* Begin PBXFileReference section */
		14935FEC1D01C9A4005DEE64 /* P2PChat.app */ = {isa = PBXFileReference; explicitFileType = wrapper.application; includeInIndex = 0; path = P2PChat.app; sourceTree = BUILT_PRODUCTS_DIR; };
		14935FEF1D01C9A4005DEE64 /* AppDelegate.swift */ = {isa = PBXFileReference; lastKnownFileType = sourcecode.swift; path = AppDelegate.swift; sourceTree = "<group>"; };
		14935FF11D01C9A4005DEE64 /* ViewController.swift */ = {isa = PBXFileReference; lastKnownFileType = sourcecode.swift; path = ViewController.swift; sourceTree = "<group>"; };
		14935FF41D01C9A4005DEE64 /* Base */ = {isa = PBXFileReference; lastKnownFileType = file.storyboard; name = Base; path = Base.lproj/Main.storyboard; sourceTree = "<group>"; };
		14935FF61D01C9A4005DEE64 /* Assets.xcassets */ = {isa = PBXFileReference; lastKnownFileType = folder.assetcatalog; path = Assets.xcassets; sourceTree = "<group>"; };
		14935FF91D01C9A4005DEE64 /* Base */ = {isa = PBXFileReference; lastKnownFileType = file.storyboard; name = Base; path = Base.lproj/LaunchScreen.storyboard; sourceTree = "<group>"; };
		14935FFB1D01C9A4005DEE64 /* Info.plist */ = {isa = PBXFileReference; lastKnownFileType = text.plist.xml; path = Info.plist; sourceTree = "<group>"; };
/* End PBXFileReference section */

/* Begin PBXFrameworksBuildPhase section */
		14935FE91D01C9A4005DEE64 /* Frameworks */ = {
			isa = PBXFrameworksBuildPhase;
			buildActionMask = 2147483647;
			files = (
			);
			runOnlyForDeploymentPostprocessing = 0;
		};
/* End PBXFrameworksBuildPhase section */

/* Begin PBXGroup section */
		14935FE31D01C9A4005DEE64 = {
			isa = PBXGroup;
			children = (
				14935FEE1D01C9A4005DEE64 /* P2PChat */,
				14935FED1D01C9A4005DEE64 /* Products */,
			);
			sourceTree = "<group>";
		};
		14935FED1D01C9A4005DEE64 /* Products */ = {
			isa = PBXGroup;
			children = (
				14935FEC1D01C9A4005DEE64 /* P2PChat.app */,
			);
			name = Products;
			sourceTree = "<group>";
		};
		14935FEE1D01C9A4005DEE64 /* P2PChat */ = {
			isa = PBXGroup;
			children = (
				14935FEF1D01C9A4005DEE64 /* AppDelegate.swift */,
				14935FF11D01C9A4005DEE64 /* ViewController.swift */,
				14935FF31D01C9A4005DEE64 /* Main.storyboard */,
				14935FF61D01C9A4005DEE64 /* Assets.xcassets */,
				14935FF81D01C9A4005DEE64 /* LaunchScreen.storyboard */,
				14935FFB1D01C9A4005DEE64 /* Info.plist */,
			);
			path = P2PChat;
			sourceTree = "<group>";
		};
/* End PBXGroup section */

/* Begin PBXNativeTarget section */
		14935FEB1D01C9A4005DEE64 /* P2PChat */ = {
			isa = PBXNativeTarget;
			buildConfigurationList = 14935FFE1D01C9A4005DEE64 /* Build configuration list for PBXNativeTarget "P2PChat" */;
			buildPhases = (
				14935FE81D01C9A4005DEE64 /* Sources */,
				14935FE91D01C9A4005DEE64 /* Frameworks */,
				14935FEA1D01C9A4005DEE64 /* Resources */,
			);
			buildRules = (
			);
			dependencies = (
			);
			name = P2PChat;
			productName = P2PChat;
			productReference = 14935FEC1D01C9A4005DEE64 /* P2PChat.app */;
			productType = "com.apple.product-type.application";
		};
/* End PBXNativeTarget section */

/* Begin PBXProject section */
		14935FE41D01C9A4005DEE64 /* Project object */ = {
			isa = PBXProject;
			attributes = {
				LastSwiftUpdateCheck = 0730;
				LastUpgradeCheck = 0730;
				ORGANIZATIONNAME = temoki.com;
				TargetAttributes = {
					14935FEB1D01C9A4005DEE64 = {
						CreatedOnToolsVersion = 7.3.1;
					};
				};
			};
			buildConfigurationList = 14935FE71D01C9A4005DEE64 /* Build configuration list for PBXProject "P2PChat" */;
			compatibilityVersion = "Xcode 3.2";
			developmentRegion = English;
			hasScannedForEncodings = 0;
			knownRegions = (
				en,
				Base,
			);
			mainGroup = 14935FE31D01C9A4005DEE64;
			productRefGroup = 14935FED1D01C9A4005DEE64 /* Products */;
			projectDirPath = "";
			projectRoot = "";
			targets = (
				14935FEB1D01C9A4005DEE64 /* P2PChat */,
			);
		};
/* End PBXProject section */

/* Begin PBXResourcesBuildPhase section */
		14935FEA1D01C9A4005DEE64 /* Resources */ = {
			isa = PBXResourcesBuildPhase;
			buildActionMask = 2147483647;
			files = (
				14935FFA1D01C9A4005DEE64 /* LaunchScreen.storyboard in Resources */,
				14935FF71D01C9A4005DEE64 /* Assets.xcassets in Resources */,
				14935FF51D01C9A4005DEE64 /* Main.storyboard in Resources */,
			);
			runOnlyForDeploymentPostprocessing = 0;
		};
/* End PBXResourcesBuildPhase section */

/* Begin PBXSourcesBuildPhase section */
		14935FE81D01C9A4005DEE64 /* Sources */ = {
			isa = PBXSourcesBuildPhase;
			buildActionMask = 2147483647;
			files = (
				14935FF21D01C9A4005DEE64 /* ViewController.swift in Sources */,
				14935FF01D01C9A4005DEE64 /* AppDelegate.swift in Sources */,
			);
			runOnlyForDeploymentPostprocessing = 0;
		};
/* End PBXSourcesBuildPhase section */

/* Begin PBXVariantGroup section */
		14935FF31D01C9A4005DEE64 /* Main.storyboard */ = {
			isa = PBXVariantGroup;
			children = (
				14935FF41D01C9A4005DEE64 /* Base */,
			);
			name = Main.storyboard;
			sourceTree = "<group>";
		};
		14935FF81D01C9A4005DEE64 /* LaunchScreen.storyboard */ = {
			isa = PBXVariantGroup;
			children = (
				14935FF91D01C9A4005DEE64 /* Base */,
			);
			name = LaunchScreen.storyboard;
			sourceTree = "<group>";
		};
/* End PBXVariantGroup section */

/* Begin XCBuildConfiguration section */
		14935FFC1D01C9A4005DEE64 /* Debug */ = {
			isa = XCBuildConfiguration;
			buildSettings = {
				ALWAYS_SEARCH_USER_PATHS = NO;
				CLANG_ANALYZER_NONNULL = YES;
				CLANG_CXX_LANGUAGE_STANDARD = "gnu++0x";
				CLANG_CXX_LIBRARY = "libc++";
				CLANG_ENABLE_MODULES = YES;
				CLANG_ENABLE_OBJC_ARC = YES;
				CLANG_WARN_BOOL_CONVERSION = YES;
				CLANG_WARN_CONSTANT_CONVERSION = YES;
				CLANG_WARN_DIRECT_OBJC_ISA_USAGE = YES_ERROR;
				CLANG_WARN_EMPTY_BODY = YES;
				CLANG_WARN_ENUM_CONVERSION = YES;
				CLANG_WARN_INT_CONVERSION = YES;
				CLANG_WARN_OBJC_ROOT_CLASS = YES_ERROR;
				CLANG_WARN_UNREACHABLE_CODE = YES;
				CLANG_WARN__DUPLICATE_METHOD_MATCH = YES;
				"CODE_SIGN_IDENTITY[sdk=iphoneos*]" = "iPhone Developer";
				COPY_PHASE_STRIP = NO;
				DEBUG_INFORMATION_FORMAT = dwarf;
				ENABLE_STRICT_OBJC_MSGSEND = YES;
				ENABLE_TESTABILITY = YES;
				GCC_C_LANGUAGE_STANDARD = gnu99;
				GCC_DYNAMIC_NO_PIC = NO;
				GCC_NO_COMMON_BLOCKS = YES;
				GCC_OPTIMIZATION_LEVEL = 0;
				GCC_PREPROCESSOR_DEFINITIONS = (
					"DEBUG=1",
					"$(inherited)",
				);
				GCC_WARN_64_TO_32_BIT_CONVERSION = YES;
				GCC_WARN_ABOUT_RETURN_TYPE = YES_ERROR;
				GCC_WARN_UNDECLARED_SELECTOR = YES;
				GCC_WARN_UNINITIALIZED_AUTOS = YES_AGGRESSIVE;
				GCC_WARN_UNUSED_FUNCTION = YES;
				GCC_WARN_UNUSED_VARIABLE = YES;
				IPHONEOS_DEPLOYMENT_TARGET = 9.3;
				MTL_ENABLE_DEBUG_INFO = YES;
				ONLY_ACTIVE_ARCH = YES;
				SDKROOT = iphoneos;
				SWIFT_OPTIMIZATION_LEVEL = "-Onone";
			};
			name = Debug;
		};
		14935FFD1D01C9A4005DEE64 /* Release */ = {
			isa = XCBuildConfiguration;
			buildSettings = {
				ALWAYS_SEARCH_USER_PATHS = NO;
				CLANG_ANALYZER_NONNULL = YES;
				CLANG_CXX_LANGUAGE_STANDARD = "gnu++0x";
				CLANG_CXX_LIBRARY = "libc++";
				CLANG_ENABLE_MODULES = YES;
				CLANG_ENABLE_OBJC_ARC = YES;
				CLANG_WARN_BOOL_CONVERSION = YES;
				CLANG_WARN_CONSTANT_CONVERSION = YES;
				CLANG_WARN_DIRECT_OBJC_ISA_USAGE = YES_ERROR;
				CLANG_WARN_EMPTY_BODY = YES;
				CLANG_WARN_ENUM_CONVERSION = YES;
				CLANG_WARN_INT_CONVERSION = YES;
				CLANG_WARN_OBJC_ROOT_CLASS = YES_ERROR;
				CLANG_WARN_UNREACHABLE_CODE = YES;
				CLANG_WARN__DUPLICATE_METHOD_MATCH = YES;
				"CODE_SIGN_IDENTITY[sdk=iphoneos*]" = "iPhone Developer";
				COPY_PHASE_STRIP = NO;
				DEBUG_INFORMATION_FORMAT = "dwarf-with-dsym";
				ENABLE_NS_ASSERTIONS = NO;
				ENABLE_STRICT_OBJC_MSGSEND = YES;
				GCC_C_LANGUAGE_STANDARD = gnu99;
				GCC_NO_COMMON_BLOCKS = YES;
				GCC_WARN_64_TO_32_BIT_CONVERSION = YES;
				GCC_WARN_ABOUT_RETURN_TYPE = YES_ERROR;
				GCC_WARN_UNDECLARED_SELECTOR = YES;
				GCC_WARN_UNINITIALIZED_AUTOS = YES_AGGRESSIVE;
				GCC_WARN_UNUSED_FUNCTION = YES;
				GCC_WARN_UNUSED_VARIABLE = YES;
				IPHONEOS_DEPLOYMENT_TARGET = 9.3;
				MTL_ENABLE_DEBUG_INFO = NO;
				SDKROOT = iphoneos;
				VALIDATE_PRODUCT = YES;
			};
			name = Release;
		};
		14935FFF1D01C9A4005DEE64 /* Debug */ = {
			isa = XCBuildConfiguration;
			buildSettings = {
				ASSETCATALOG_COMPILER_APPICON_NAME = AppIcon;
				INFOPLIST_FILE = P2PChat/Info.plist;
				LD_RUNPATH_SEARCH_PATHS = "$(inherited) @executable_path/Frameworks";
				PRODUCT_BUNDLE_IDENTIFIER = com.temoki.P2PChat;
				PRODUCT_NAME = "$(TARGET_NAME)";
			};
			name = Debug;
		};
		149360001D01C9A4005DEE64 /* Release */ = {
			isa = XCBuildConfiguration;
			buildSettings = {
				ASSETCATALOG_COMPILER_APPICON_NAME = AppIcon;
				INFOPLIST_FILE = P2PChat/Info.plist;
				LD_RUNPATH_SEARCH_PATHS = "$(inherited) @executable_path/Frameworks";
				PRODUCT_BUNDLE_IDENTIFIER = com.temoki.P2PChat;
				PRODUCT_NAME = "$(TARGET_NAME)";
			};
			name = Release;
		};
/* End XCBuildConfiguration section */

/* Begin XCConfigurationList section */
		14935FE71D01C9A4005DEE64 /* Build configuration list for PBXProject "P2PChat" */ = {
			isa = XCConfigurationList;
			buildConfigurations = (
				14935FFC1D01C9A4005DEE64 /* Debug */,
				14935FFD1D01C9A4005DEE64 /* Release */,
			);
			defaultConfigurationIsVisible = 0;
			defaultConfigurationName = Release;
		};
		14935FFE1D01C9A4005DEE64 /* Build configuration list for PBXNativeTarget "P2PChat" */ = {
			isa = XCConfigurationList;
			buildConfigurations = (
				14935FFF1D01C9A4005DEE64 /* Debug */,
				149360001D01C9A4005DEE64 /* Release */,
			);
			defaultConfigurationIsVisible = 0;
		};
/* End XCConfigurationList section */
	};
	rootObject = 14935FE41D01C9A4005DEE64 /* Project object */;
}
